
Microsoft Visual Studio Solution File, Format Version 12.00
# Visual Studio Version 17
VisualStudioVersion = 17.12.35527.113 d17.12
MinimumVisualStudioVersion = 10.0.40219.1
Project("{FAE04EC0-301F-11D3-BF4B-00C04F79EFBC}") = "BudgetApplication", "BudgetApplication.csproj", "{95318865-AC05-4BCA-88A2-8BB670F59058}"
EndProject
Global
	GlobalSection(SolutionConfigurationPlatforms) = preSolution
		Debug|Any CPU = Debug|Any CPU
		Release|Any CPU = Release|Any CPU
	EndGlobalSection
	GlobalSection(ProjectConfigurationPlatforms) = postSolution
		{95318865-AC05-4BCA-88A2-8BB670F59058}.Debug|Any CPU.ActiveCfg = Debug|Any CPU
		{95318865-AC05-4BCA-88A2-8BB670F59058}.Debug|Any CPU.Build.0 = Debug|Any CPU
		{95318865-AC05-4BCA-88A2-8BB670F59058}.Release|Any CPU.ActiveCfg = Release|Any CPU
		{95318865-AC05-4BCA-88A2-8BB670F59058}.Release|Any CPU.Build.0 = Release|Any CPU
	EndGlobalSection
	GlobalSection(SolutionProperties) = preSolution
		HideSolutionNode = FALSE
	EndGlobalSection
EndGlobal
